
Microsoft Visual Studio Solution File, Format Version 12.00
# Visual Studio Version 16
VisualStudioVersion = 16.0.29613.14
MinimumVisualStudioVersion = 10.0.40219.1
Project("{FAE04EC0-301F-11D3-BF4B-00C04F79EFBC}") = "CustomCOMNavConnector", "CustomCOMNavConnector\CustomCOMNavConnector.csproj", "{34CD16C9-89C7-41DE-BC17-73481477DCED}"
EndProject
Global
	GlobalSection(SolutionConfigurationPlatforms) = preSolution
		Debug|Any CPU = Debug|Any CPU
		Release|Any CPU = Release|Any CPU
	EndGlobalSection
	GlobalSection(ProjectConfigurationPlatforms) = postSolution
		{34CD16C9-89C7-41DE-BC17-73481477DCED}.Debug|Any CPU.ActiveCfg = Debug|Any CPU
		{34CD16C9-89C7-41DE-BC17-73481477DCED}.Debug|Any CPU.Build.0 = Debug|Any CPU
		{34CD16C9-89C7-41DE-BC17-73481477DCED}.Release|Any CPU.ActiveCfg = Release|Any CPU
		{34CD16C9-89C7-41DE-BC17-73481477DCED}.Release|Any CPU.Build.0 = Release|Any CPU
	EndGlobalSection
	GlobalSection(SolutionProperties) = preSolution
		HideSolutionNode = FALSE
	EndGlobalSection
	GlobalSection(ExtensibilityGlobals) = postSolution
		SolutionGuid = {62A368BF-ACC3-48C3-9384-979A37C39CD4}
	EndGlobalSection
EndGlobal
